
Microsoft Visual Studio Solution File, Format Version 12.00
# Visual Studio Version 16
VisualStudioVersion = 16.0.31402.337
MinimumVisualStudioVersion = 10.0.40219.1
Project("{FAE04EC0-301F-11D3-BF4B-00C04F79EFBC}") = "Cursova", "Cursova\Cursova.csproj", "{DFBAE3E2-9C58-4172-AF00-F9FC0A77D2E5}"
EndProject
Global
	GlobalSection(SolutionConfigurationPlatforms) = preSolution
		Debug|Any CPU = Debug|Any CPU
		Release|Any CPU = Release|Any CPU
	EndGlobalSection
	GlobalSection(ProjectConfigurationPlatforms) = postSolution
		{DFBAE3E2-9C58-4172-AF00-F9FC0A77D2E5}.Debug|Any CPU.ActiveCfg = Debug|Any CPU
		{DFBAE3E2-9C58-4172-AF00-F9FC0A77D2E5}.Debug|Any CPU.Build.0 = Debug|Any CPU
		{DFBAE3E2-9C58-4172-AF00-F9FC0A77D2E5}.Release|Any CPU.ActiveCfg = Release|Any CPU
		{DFBAE3E2-9C58-4172-AF00-F9FC0A77D2E5}.Release|Any CPU.Build.0 = Release|Any CPU
	EndGlobalSection
	GlobalSection(SolutionProperties) = preSolution
		HideSolutionNode = FALSE
	EndGlobalSection
	GlobalSection(ExtensibilityGlobals) = postSolution
		SolutionGuid = {8672B302-4498-4407-89C6-68FE6CB54F0A}
	EndGlobalSection
EndGlobal
